
Microsoft Visual Studio Solution File, Format Version 12.00
# Visual Studio Version 16
VisualStudioVersion = 16.0.28803.452
MinimumVisualStudioVersion = 10.0.40219.1
Project("{9A19103F-16F7-4668-BE54-9A1E7A4F7556}") = "GrokkingAlgorithms", "GrokkingAlgorithms\GrokkingAlgorithms.csproj", "{F70B9576-6098-4B8A-8113-044620D649F6}"
EndProject
Project("{FAE04EC0-301F-11D3-BF4B-00C04F79EFBC}") = "GrokkingAlgorithmsTests", "GrokkingAlgorithmsTests\GrokkingAlgorithmsTests.csproj", "{1D70A8EB-C7B6-47D1-BB87-AACBF0F2F833}"
EndProject
Global
	GlobalSection(SolutionConfigurationPlatforms) = preSolution
		Debug|Any CPU = Debug|Any CPU
		Release|Any CPU = Release|Any CPU
	EndGlobalSection
	GlobalSection(ProjectConfigurationPlatforms) = postSolution
		{F70B9576-6098-4B8A-8113-044620D649F6}.Debug|Any CPU.ActiveCfg = Debug|Any CPU
		{F70B9576-6098-4B8A-8113-044620D649F6}.Debug|Any CPU.Build.0 = Debug|Any CPU
		{F70B9576-6098-4B8A-8113-044620D649F6}.Release|Any CPU.ActiveCfg = Release|Any CPU
		{F70B9576-6098-4B8A-8113-044620D649F6}.Release|Any CPU.Build.0 = Release|Any CPU
		{1D70A8EB-C7B6-47D1-BB87-AACBF0F2F833}.Debug|Any CPU.ActiveCfg = Debug|Any CPU
		{1D70A8EB-C7B6-47D1-BB87-AACBF0F2F833}.Debug|Any CPU.Build.0 = Debug|Any CPU
		{1D70A8EB-C7B6-47D1-BB87-AACBF0F2F833}.Release|Any CPU.ActiveCfg = Release|Any CPU
		{1D70A8EB-C7B6-47D1-BB87-AACBF0F2F833}.Release|Any CPU.Build.0 = Release|Any CPU
	EndGlobalSection
	GlobalSection(SolutionProperties) = preSolution
		HideSolutionNode = FALSE
	EndGlobalSection
	GlobalSection(ExtensibilityGlobals) = postSolution
		SolutionGuid = {D9A055BD-5C9D-4CB7-BE4A-4C6E8CE536D1}
	EndGlobalSection
EndGlobal
